
Microsoft Visual Studio Solution File, Format Version 12.00
# Visual Studio Version 16
VisualStudioVersion = 16.0.29905.134
MinimumVisualStudioVersion = 10.0.40219.1
Project("{FAE04EC0-301F-11D3-BF4B-00C04F79EFBC}") = "VelvetechUniversity", "VelvetechUniversity\VelvetechUniversity.csproj", "{0F4A1943-FE51-4003-BE9F-AA19DF6BC912}"
EndProject
Global
	GlobalSection(SolutionConfigurationPlatforms) = preSolution
		Debug|Any CPU = Debug|Any CPU
		Release|Any CPU = Release|Any CPU
	EndGlobalSection
	GlobalSection(ProjectConfigurationPlatforms) = postSolution
		{0F4A1943-FE51-4003-BE9F-AA19DF6BC912}.Debug|Any CPU.ActiveCfg = Debug|Any CPU
		{0F4A1943-FE51-4003-BE9F-AA19DF6BC912}.Debug|Any CPU.Build.0 = Debug|Any CPU
		{0F4A1943-FE51-4003-BE9F-AA19DF6BC912}.Release|Any CPU.ActiveCfg = Release|Any CPU
		{0F4A1943-FE51-4003-BE9F-AA19DF6BC912}.Release|Any CPU.Build.0 = Release|Any CPU
	EndGlobalSection
	GlobalSection(SolutionProperties) = preSolution
		HideSolutionNode = FALSE
	EndGlobalSection
	GlobalSection(ExtensibilityGlobals) = postSolution
		SolutionGuid = {A6B780BA-6056-4251-9DEE-3988548CFDDC}
	EndGlobalSection
EndGlobal
